
Microsoft Visual Studio Solution File, Format Version 12.00
# Visual Studio Version 17
VisualStudioVersion = 17.5.33516.290
MinimumVisualStudioVersion = 10.0.40219.1
Project("{FAE04EC0-301F-11D3-BF4B-00C04F79EFBC}") = "BlazorWebAssemblyTest.Server", "BlazorWebAssemblyTest\Server\BlazorWebAssemblyTest.Server.csproj", "{3BEA2E2E-C12C-4D6C-B316-A8648BC209D0}"
EndProject
Project("{FAE04EC0-301F-11D3-BF4B-00C04F79EFBC}") = "BlazorWebAssemblyTest.Client", "BlazorWebAssemblyTest\Client\BlazorWebAssemblyTest.Client.csproj", "{764774F6-C055-4C39-A9D8-2E906042F81D}"
EndProject
Project("{FAE04EC0-301F-11D3-BF4B-00C04F79EFBC}") = "BlazorWebAssemblyTest.Shared", "BlazorWebAssemblyTest\Shared\BlazorWebAssemblyTest.Shared.csproj", "{06564531-7BC1-4839-BA84-40A7CFA306F4}"
EndProject
Global
	GlobalSection(SolutionConfigurationPlatforms) = preSolution
		Debug|Any CPU = Debug|Any CPU
		Release|Any CPU = Release|Any CPU
	EndGlobalSection
	GlobalSection(ProjectConfigurationPlatforms) = postSolution
		{3BEA2E2E-C12C-4D6C-B316-A8648BC209D0}.Debug|Any CPU.ActiveCfg = Debug|Any CPU
		{3BEA2E2E-C12C-4D6C-B316-A8648BC209D0}.Debug|Any CPU.Build.0 = Debug|Any CPU
		{3BEA2E2E-C12C-4D6C-B316-A8648BC209D0}.Release|Any CPU.ActiveCfg = Release|Any CPU
		{3BEA2E2E-C12C-4D6C-B316-A8648BC209D0}.Release|Any CPU.Build.0 = Release|Any CPU
		{764774F6-C055-4C39-A9D8-2E906042F81D}.Debug|Any CPU.ActiveCfg = Debug|Any CPU
		{764774F6-C055-4C39-A9D8-2E906042F81D}.Debug|Any CPU.Build.0 = Debug|Any CPU
		{764774F6-C055-4C39-A9D8-2E906042F81D}.Release|Any CPU.ActiveCfg = Release|Any CPU
		{764774F6-C055-4C39-A9D8-2E906042F81D}.Release|Any CPU.Build.0 = Release|Any CPU
		{06564531-7BC1-4839-BA84-40A7CFA306F4}.Debug|Any CPU.ActiveCfg = Debug|Any CPU
		{06564531-7BC1-4839-BA84-40A7CFA306F4}.Debug|Any CPU.Build.0 = Debug|Any CPU
		{06564531-7BC1-4839-BA84-40A7CFA306F4}.Release|Any CPU.ActiveCfg = Release|Any CPU
		{06564531-7BC1-4839-BA84-40A7CFA306F4}.Release|Any CPU.Build.0 = Release|Any CPU
	EndGlobalSection
	GlobalSection(SolutionProperties) = preSolution
		HideSolutionNode = FALSE
	EndGlobalSection
	GlobalSection(ExtensibilityGlobals) = postSolution
		SolutionGuid = {9826C198-442D-4F54-B836-D29A1DF10EB8}
	EndGlobalSection
EndGlobal
